
Microsoft Visual Studio Solution File, Format Version 12.00
# Visual Studio Version 17
VisualStudioVersion = 17.0.31903.59
MinimumVisualStudioVersion = 10.0.40219.1
Project("{FAE04EC0-301F-11D3-BF4B-00C04F79EFBC}") = "Exercicios", "Exercicios\Exercicios.csproj", "{841E7794-D24A-440A-8540-6125E65444BA}"
EndProject
Project("{FAE04EC0-301F-11D3-BF4B-00C04F79EFBC}") = "Exercicios.Tests", "Exercicios.Tests\Exercicios.Tests.csproj", "{D7B1CCDE-0623-47A9-903F-BA1A8A8BDC91}"
EndProject
Global
	GlobalSection(SolutionConfigurationPlatforms) = preSolution
		Debug|Any CPU = Debug|Any CPU
		Release|Any CPU = Release|Any CPU
	EndGlobalSection
	GlobalSection(SolutionProperties) = preSolution
		HideSolutionNode = FALSE
	EndGlobalSection
	GlobalSection(ProjectConfigurationPlatforms) = postSolution
		{841E7794-D24A-440A-8540-6125E65444BA}.Debug|Any CPU.ActiveCfg = Debug|Any CPU
		{841E7794-D24A-440A-8540-6125E65444BA}.Debug|Any CPU.Build.0 = Debug|Any CPU
		{841E7794-D24A-440A-8540-6125E65444BA}.Release|Any CPU.ActiveCfg = Release|Any CPU
		{841E7794-D24A-440A-8540-6125E65444BA}.Release|Any CPU.Build.0 = Release|Any CPU
		{D7B1CCDE-0623-47A9-903F-BA1A8A8BDC91}.Debug|Any CPU.ActiveCfg = Debug|Any CPU
		{D7B1CCDE-0623-47A9-903F-BA1A8A8BDC91}.Debug|Any CPU.Build.0 = Debug|Any CPU
		{D7B1CCDE-0623-47A9-903F-BA1A8A8BDC91}.Release|Any CPU.ActiveCfg = Release|Any CPU
		{D7B1CCDE-0623-47A9-903F-BA1A8A8BDC91}.Release|Any CPU.Build.0 = Release|Any CPU
	EndGlobalSection
EndGlobal
